
Microsoft Visual Studio Solution File, Format Version 12.00
# Visual Studio Version 17
VisualStudioVersion = 17.14.36408.4 d17.14
MinimumVisualStudioVersion = 10.0.40219.1
Project("{FAE04EC0-301F-11D3-BF4B-00C04F79EFBC}") = "Database_Designer.Browser", "Database_Designer.Browser\Database_Designer.Browser.csproj", "{E79A0891-5F50-4F8F-B06C-52599E6042E9}"
EndProject
Project("{FAE04EC0-301F-11D3-BF4B-00C04F79EFBC}") = "Database_Designer", "Database_Designer\Database_Designer.csproj", "{FFE29823-CF9A-470B-984B-BC56A5736B08}"
EndProject
Project("{FAE04EC0-301F-11D3-BF4B-00C04F79EFBC}") = "Database_Designer.Simulator", "Database_Designer.Simulator\Database_Designer.Simulator.csproj", "{C30A5B46-68A1-4687-BC98-09755D549727}"
EndProject
Project("{FAE04EC0-301F-11D3-BF4B-00C04F79EFBC}") = "Database_Designer.Photino", "Database_Designer.Photino\Database_Designer.Photino.csproj", "{03A3D566-B23B-4BE2-B81A-FA1511AECF4A}"
EndProject
Global
	GlobalSection(SolutionConfigurationPlatforms) = preSolution
		Debug|Any CPU = Debug|Any CPU
		Release|Any CPU = Release|Any CPU
	EndGlobalSection
	GlobalSection(ProjectConfigurationPlatforms) = postSolution
		{E79A0891-5F50-4F8F-B06C-52599E6042E9}.Debug|Any CPU.ActiveCfg = Debug|Any CPU
		{E79A0891-5F50-4F8F-B06C-52599E6042E9}.Debug|Any CPU.Build.0 = Debug|Any CPU
		{E79A0891-5F50-4F8F-B06C-52599E6042E9}.Release|Any CPU.ActiveCfg = Release|Any CPU
		{E79A0891-5F50-4F8F-B06C-52599E6042E9}.Release|Any CPU.Build.0 = Release|Any CPU
		{FFE29823-CF9A-470B-984B-BC56A5736B08}.Debug|Any CPU.ActiveCfg = Debug|Any CPU
		{FFE29823-CF9A-470B-984B-BC56A5736B08}.Debug|Any CPU.Build.0 = Debug|Any CPU
		{FFE29823-CF9A-470B-984B-BC56A5736B08}.Release|Any CPU.ActiveCfg = Release|Any CPU
		{FFE29823-CF9A-470B-984B-BC56A5736B08}.Release|Any CPU.Build.0 = Release|Any CPU
		{C30A5B46-68A1-4687-BC98-09755D549727}.Debug|Any CPU.ActiveCfg = Debug|Any CPU
		{C30A5B46-68A1-4687-BC98-09755D549727}.Debug|Any CPU.Build.0 = Debug|Any CPU
		{C30A5B46-68A1-4687-BC98-09755D549727}.Release|Any CPU.ActiveCfg = Release|Any CPU
		{C30A5B46-68A1-4687-BC98-09755D549727}.Release|Any CPU.Build.0 = Release|Any CPU
		{03A3D566-B23B-4BE2-B81A-FA1511AECF4A}.Debug|Any CPU.ActiveCfg = Debug|Any CPU
		{03A3D566-B23B-4BE2-B81A-FA1511AECF4A}.Debug|Any CPU.Build.0 = Debug|Any CPU
		{03A3D566-B23B-4BE2-B81A-FA1511AECF4A}.Release|Any CPU.ActiveCfg = Release|Any CPU
		{03A3D566-B23B-4BE2-B81A-FA1511AECF4A}.Release|Any CPU.Build.0 = Release|Any CPU
	EndGlobalSection
	GlobalSection(SolutionProperties) = preSolution
		HideSolutionNode = FALSE
	EndGlobalSection
	GlobalSection(ExtensibilityGlobals) = postSolution
		SolutionGuid = {18B80374-443F-4C31-8E44-A44FCA947F4D}
	EndGlobalSection
EndGlobal
